// !$*UTF8*$!
{
	archiveVersion = 1;
	classes = {
	};
	objectVersion = 50;
	objects = {

/* Begin PBXBuildFile section */
		011530B7548D130A550452F1 /* Pods_YTDownloader.framework in Frameworks */ = {isa = PBXBuildFile; fileRef = E9A670C6B315E9CEF052E644 /* Pods_YTDownloader.framework */; };
		50040717224655EE00061D13 /* KRActivityIndicatorView.framework in Frameworks */ = {isa = PBXBuildFile; fileRef = 50040716224655EE00061D13 /* KRActivityIndicatorView.framework */; };
		50040719224655EE00061D13 /* KRProgressHUD.framework in Frameworks */ = {isa = PBXBuildFile; fileRef = 50040718224655EE00061D13 /* KRProgressHUD.framework */; };
		5007FBF12253CF5A003C5DCF /* FolderViewController.swift in Sources */ = {isa = PBXBuildFile; fileRef = 5007FBF02253CF59003C5DCF /* FolderViewController.swift */; };
		5007FBF32253CF77003C5DCF /* FolderTableViewCell.swift in Sources */ = {isa = PBXBuildFile; fileRef = 5007FBF22253CF77003C5DCF /* FolderTableViewCell.swift */; };
		50250CB62201F117004D8939 /* FCFileManager.framework in Frameworks */ = {isa = PBXBuildFile; fileRef = 50250CB52201F117004D8939 /* FCFileManager.framework */; };
		5028E95622170E150041FA2B /* BHConverting.swift in Sources */ = {isa = PBXBuildFile; fileRef = 5028E95522170E150041FA2B /* BHConverting.swift */; };
		5045A03D21F331C8009234E9 /* AppDelegate.swift in Sources */ = {isa = PBXBuildFile; fileRef = 5045A03C21F331C8009234E9 /* AppDelegate.swift */; };
		5045A03F21F331C8009234E9 /* ViewController.swift in Sources */ = {isa = PBXBuildFile; fileRef = 5045A03E21F331C8009234E9 /* ViewController.swift */; };
		5045A04221F331C8009234E9 /* Main.storyboard in Resources */ = {isa = PBXBuildFile; fileRef = 5045A04021F331C8009234E9 /* Main.storyboard */; };
		5045A04421F331CB009234E9 /* Assets.xcassets in Resources */ = {isa = PBXBuildFile; fileRef = 5045A04321F331CB009234E9 /* Assets.xcassets */; };
		5045A04721F331CB009234E9 /* LaunchScreen.storyboard in Resources */ = {isa = PBXBuildFile; fileRef = 5045A04521F331CB009234E9 /* LaunchScreen.storyboard */; };
		5045A0A621F34BDC009234E9 /* HTTPTransport.swift in Sources */ = {isa = PBXBuildFile; fileRef = 5045A09621F34BDC009234E9 /* HTTPTransport.swift */; };
		5045A0A721F34BDC009234E9 /* IHTTPTransport.swift in Sources */ = {isa = PBXBuildFile; fileRef = 5045A09721F34BDC009234E9 /* IHTTPTransport.swift */; };
		5045A0A821F34BDC009234E9 /* Result.swift in Sources */ = {isa = PBXBuildFile; fileRef = 5045A09821F34BDC009234E9 /* Result.swift */; };
		5045A0A921F34BDC009234E9 /* Video.swift in Sources */ = {isa = PBXBuildFile; fileRef = 5045A09A21F34BDC009234E9 /* Video.swift */; };
		5045A0AA21F34BDC009234E9 /* IResponseParser.swift in Sources */ = {isa = PBXBuildFile; fileRef = 5045A09C21F34BDC009234E9 /* IResponseParser.swift */; };
		5045A0AB21F34BDC009234E9 /* ResponseParser.swift in Sources */ = {isa = PBXBuildFile; fileRef = 5045A09D21F34BDC009234E9 /* ResponseParser.swift */; };
		5045A0AC21F34BDC009234E9 /* YTB.swift in Sources */ = {isa = PBXBuildFile; fileRef = 5045A09E21F34BDC009234E9 /* YTB.swift */; };
		5045A0AD21F34BDC009234E9 /* RequestBuilder.swift in Sources */ = {isa = PBXBuildFile; fileRef = 5045A0A021F34BDC009234E9 /* RequestBuilder.swift */; };
		5045A0AE21F34BDC009234E9 /* IRequestBuilder.swift in Sources */ = {isa = PBXBuildFile; fileRef = 5045A0A121F34BDC009234E9 /* IRequestBuilder.swift */; };
		5045A0AF21F34BDC009234E9 /* String+YouTube.swift in Sources */ = {isa = PBXBuildFile; fileRef = 5045A0A321F34BDC009234E9 /* String+YouTube.swift */; };
		5045A0B021F34BDC009234E9 /* URL+YouTube.swift in Sources */ = {isa = PBXBuildFile; fileRef = 5045A0A421F34BDC009234E9 /* URL+YouTube.swift */; };
		5045A0B121F34BDC009234E9 /* YTBExtension.swift in Sources */ = {isa = PBXBuildFile; fileRef = 5045A0A521F34BDC009234E9 /* YTBExtension.swift */; };
		504A7987223188A200D6361B /* DaiYoutubeParserWebView.m in Sources */ = {isa = PBXBuildFile; fileRef = 504A7980223188A200D6361B /* DaiYoutubeParserWebView.m */; };
		504A7988223188A200D6361B /* DaiYoutubeParser.m in Sources */ = {isa = PBXBuildFile; fileRef = 504A7983223188A200D6361B /* DaiYoutubeParser.m */; };
		504A7989223188A200D6361B /* YoutubeParserBridge.html in Resources */ = {isa = PBXBuildFile; fileRef = 504A7984223188A200D6361B /* YoutubeParserBridge.html */; };
		504A798A223188A200D6361B /* DaiYoutubeParserOperation.m in Sources */ = {isa = PBXBuildFile; fileRef = 504A7986223188A200D6361B /* DaiYoutubeParserOperation.m */; };
		504FF06022562A4600E6DD1D /* MoveFilesViewController.swift in Sources */ = {isa = PBXBuildFile; fileRef = 504FF05F22562A4600E6DD1D /* MoveFilesViewController.swift */; };
		504FF06222562A6500E6DD1D /* MoveFilesTableViewCell.swift in Sources */ = {isa = PBXBuildFile; fileRef = 504FF06122562A6500E6DD1D /* MoveFilesTableViewCell.swift */; };
		50508402221F2B3D00A1879E /* checkInternet.swift in Sources */ = {isa = PBXBuildFile; fileRef = 50508401221F2B3D00A1879E /* checkInternet.swift */; };
		50526AC121FC48AE003D8B13 /* Alamofire.framework in Frameworks */ = {isa = PBXBuildFile; fileRef = 50526AC021FC48AE003D8B13 /* Alamofire.framework */; };
		508659D822187A7000E5A2A1 /* FRPreferences.framework in Frameworks */ = {isa = PBXBuildFile; fileRef = 508659D722187A7000E5A2A1 /* FRPreferences.framework */; };
		508659DA2218828400E5A2A1 /* SUBLicenseViewController.framework in Frameworks */ = {isa = PBXBuildFile; fileRef = 508659D92218828400E5A2A1 /* SUBLicenseViewController.framework */; };
		508659DC221882C900E5A2A1 /* Licenses.plist in Resources */ = {isa = PBXBuildFile; fileRef = 508659DB221882C900E5A2A1 /* Licenses.plist */; };
		508A5754221C68A400F87F6F /* SDAVAssetExportSession.m in Sources */ = {isa = PBXBuildFile; fileRef = 508A5753221C68A400F87F6F /* SDAVAssetExportSession.m */; };
		508A7546221C7C0F00F87F6F /* BHAlertView.swift in Sources */ = {isa = PBXBuildFile; fileRef = 508A7545221C7C0F00F87F6F /* BHAlertView.swift */; };
		508A762F221DBC5500F87F6F /* UIButton+BHExtension.swift in Sources */ = {isa = PBXBuildFile; fileRef = 508A762C221DBC5500F87F6F /* UIButton+BHExtension.swift */; };
		508A7630221DBC5500F87F6F /* UIImageView+BHExtension.swift in Sources */ = {isa = PBXBuildFile; fileRef = 508A762D221DBC5500F87F6F /* UIImageView+BHExtension.swift */; };
		508A7631221DBC5500F87F6F /* UIView+BHExtension.swift in Sources */ = {isa = PBXBuildFile; fileRef = 508A762E221DBC5500F87F6F /* UIView+BHExtension.swift */; };
		508A7637221DFE7300F87F6F /* FirebaseCore.framework in Frameworks */ = {isa = PBXBuildFile; fileRef = 508A7636221DFE7300F87F6F /* FirebaseCore.framework */; };
		508A7639221DFE7300F87F6F /* GoogleUtilities.framework in Frameworks */ = {isa = PBXBuildFile; fileRef = 508A7638221DFE7300F87F6F /* GoogleUtilities.framework */; };
		508A763B221DFE7300F87F6F /* nanopb.framework in Frameworks */ = {isa = PBXBuildFile; fileRef = 508A763A221DFE7300F87F6F /* nanopb.framework */; };
		508D21912209F6E5001643E6 /* DocumentsTableViewCell.swift in Sources */ = {isa = PBXBuildFile; fileRef = 508D21902209F6E5001643E6 /* DocumentsTableViewCell.swift */; };
		508D21952209F753001643E6 /* DocumentsViewController.swift in Sources */ = {isa = PBXBuildFile; fileRef = 508D21942209F753001643E6 /* DocumentsViewController.swift */; };
		509E6B6122201EF600910337 /* GoogleService-Info.plist in Resources */ = {isa = PBXBuildFile; fileRef = 509E6B6022201EF600910337 /* GoogleService-Info.plist */; };
		50DF274C225D140700A9AC73 /* BHUtilities.m in Sources */ = {isa = PBXBuildFile; fileRef = 50DF274B225D140700A9AC73 /* BHUtilities.m */; };
/* End PBXBuildFile section */

/* Begin PBXFileReference section */
		298771C76EB6F37A37EB79B8 /* Pods-GetProject.release.xcconfig */ = {isa = PBXFileReference; includeInIndex = 1; lastKnownFileType = text.xcconfig; name = "Pods-GetProject.release.xcconfig"; path = "Pods/Target Support Files/Pods-GetProject/Pods-GetProject.release.xcconfig"; sourceTree = "<group>"; };
		50040716224655EE00061D13 /* KRActivityIndicatorView.framework */ = {isa = PBXFileReference; explicitFileType = wrapper.framework; path = KRActivityIndicatorView.framework; sourceTree = BUILT_PRODUCTS_DIR; };
		50040718224655EE00061D13 /* KRProgressHUD.framework */ = {isa = PBXFileReference; explicitFileType = wrapper.framework; path = KRProgressHUD.framework; sourceTree = BUILT_PRODUCTS_DIR; };
		5007FBF02253CF59003C5DCF /* FolderViewController.swift */ = {isa = PBXFileReference; lastKnownFileType = sourcecode.swift; path = FolderViewController.swift; sourceTree = "<group>"; };
		5007FBF22253CF77003C5DCF /* FolderTableViewCell.swift */ = {isa = PBXFileReference; lastKnownFileType = sourcecode.swift; path = FolderTableViewCell.swift; sourceTree = "<group>"; };
		50250CB52201F117004D8939 /* FCFileManager.framework */ = {isa = PBXFileReference; explicitFileType = wrapper.framework; path = FCFileManager.framework; sourceTree = BUILT_PRODUCTS_DIR; };
		5028E951221703E00041FA2B /* YTDownloader-Bridging-Header.h */ = {isa = PBXFileReference; lastKnownFileType = sourcecode.c.h; path = "YTDownloader-Bridging-Header.h"; sourceTree = "<group>"; };
		5028E95522170E150041FA2B /* BHConverting.swift */ = {isa = PBXFileReference; lastKnownFileType = sourcecode.swift; path = BHConverting.swift; sourceTree = "<group>"; };
		5045A03921F331C8009234E9 /* YTDownloader.app */ = {isa = PBXFileReference; explicitFileType = wrapper.application; includeInIndex = 0; path = YTDownloader.app; sourceTree = BUILT_PRODUCTS_DIR; };
		5045A03C21F331C8009234E9 /* AppDelegate.swift */ = {isa = PBXFileReference; lastKnownFileType = sourcecode.swift; path = AppDelegate.swift; sourceTree = "<group>"; };
		5045A03E21F331C8009234E9 /* ViewController.swift */ = {isa = PBXFileReference; lastKnownFileType = sourcecode.swift; path = ViewController.swift; sourceTree = "<group>"; };
		5045A04121F331C8009234E9 /* Base */ = {isa = PBXFileReference; lastKnownFileType = file.storyboard; name = Base; path = Base.lproj/Main.storyboard; sourceTree = "<group>"; };
		5045A04321F331CB009234E9 /* Assets.xcassets */ = {isa = PBXFileReference; lastKnownFileType = folder.assetcatalog; path = Assets.xcassets; sourceTree = "<group>"; };
		5045A04621F331CB009234E9 /* Base */ = {isa = PBXFileReference; lastKnownFileType = file.storyboard; name = Base; path = Base.lproj/LaunchScreen.storyboard; sourceTree = "<group>"; };
		5045A04821F331CB009234E9 /* Info.plist */ = {isa = PBXFileReference; lastKnownFileType = text.plist.xml; path = Info.plist; sourceTree = "<group>"; };
		5045A09621F34BDC009234E9 /* HTTPTransport.swift */ = {isa = PBXFileReference; fileEncoding = 4; lastKnownFileType = sourcecode.swift; path = HTTPTransport.swift; sourceTree = "<group>"; };
		5045A09721F34BDC009234E9 /* IHTTPTransport.swift */ = {isa = PBXFileReference; fileEncoding = 4; lastKnownFileType = sourcecode.swift; path = IHTTPTransport.swift; sourceTree = "<group>"; };
		5045A09821F34BDC009234E9 /* Result.swift */ = {isa = PBXFileReference; fileEncoding = 4; lastKnownFileType = sourcecode.swift; path = Result.swift; sourceTree = "<group>"; };
		5045A09A21F34BDC009234E9 /* Video.swift */ = {isa = PBXFileReference; fileEncoding = 4; lastKnownFileType = sourcecode.swift; path = Video.swift; sourceTree = "<group>"; };
		5045A09C21F34BDC009234E9 /* IResponseParser.swift */ = {isa = PBXFileReference; fileEncoding = 4; lastKnownFileType = sourcecode.swift; path = IResponseParser.swift; sourceTree = "<group>"; };
		5045A09D21F34BDC009234E9 /* ResponseParser.swift */ = {isa = PBXFileReference; fileEncoding = 4; lastKnownFileType = sourcecode.swift; path = ResponseParser.swift; sourceTree = "<group>"; };
		5045A09E21F34BDC009234E9 /* YTB.swift */ = {isa = PBXFileReference; fileEncoding = 4; lastKnownFileType = sourcecode.swift; path = YTB.swift; sourceTree = "<group>"; };
		5045A0A021F34BDC009234E9 /* RequestBuilder.swift */ = {isa = PBXFileReference; fileEncoding = 4; lastKnownFileType = sourcecode.swift; path = RequestBuilder.swift; sourceTree = "<group>"; };
		5045A0A121F34BDC009234E9 /* IRequestBuilder.swift */ = {isa = PBXFileReference; fileEncoding = 4; lastKnownFileType = sourcecode.swift; path = IRequestBuilder.swift; sourceTree = "<group>"; };
		5045A0A321F34BDC009234E9 /* String+YouTube.swift */ = {isa = PBXFileReference; fileEncoding = 4; lastKnownFileType = sourcecode.swift; path = "String+YouTube.swift"; sourceTree = "<group>"; };
		5045A0A421F34BDC009234E9 /* URL+YouTube.swift */ = {isa = PBXFileReference; fileEncoding = 4; lastKnownFileType = sourcecode.swift; path = "URL+YouTube.swift"; sourceTree = "<group>"; };
		5045A0A521F34BDC009234E9 /* YTBExtension.swift */ = {isa = PBXFileReference; fileEncoding = 4; lastKnownFileType = sourcecode.swift; path = YTBExtension.swift; sourceTree = "<group>"; };
		504A797F223188A200D6361B /* DaiYoutubeParser.h */ = {isa = PBXFileReference; fileEncoding = 4; lastKnownFileType = sourcecode.c.h; path = DaiYoutubeParser.h; sourceTree = "<group>"; };
		504A7980223188A200D6361B /* DaiYoutubeParserWebView.m */ = {isa = PBXFileReference; fileEncoding = 4; lastKnownFileType = sourcecode.c.objc; path = DaiYoutubeParserWebView.m; sourceTree = "<group>"; };
		504A7981223188A200D6361B /* DaiYoutubeParserOperation.h */ = {isa = PBXFileReference; fileEncoding = 4; lastKnownFileType = sourcecode.c.h; path = DaiYoutubeParserOperation.h; sourceTree = "<group>"; };
		504A7982223188A200D6361B /* DaiYoutubeParserDefine.h */ = {isa = PBXFileReference; fileEncoding = 4; lastKnownFileType = sourcecode.c.h; path = DaiYoutubeParserDefine.h; sourceTree = "<group>"; };
		504A7983223188A200D6361B /* DaiYoutubeParser.m */ = {isa = PBXFileReference; fileEncoding = 4; lastKnownFileType = sourcecode.c.objc; path = DaiYoutubeParser.m; sourceTree = "<group>"; };
		504A7984223188A200D6361B /* YoutubeParserBridge.html */ = {isa = PBXFileReference; fileEncoding = 4; lastKnownFileType = text.html; path = YoutubeParserBridge.html; sourceTree = "<group>"; };
		504A7985223188A200D6361B /* DaiYoutubeParserWebView.h */ = {isa = PBXFileReference; fileEncoding = 4; lastKnownFileType = sourcecode.c.h; path = DaiYoutubeParserWebView.h; sourceTree = "<group>"; };
		504A7986223188A200D6361B /* DaiYoutubeParserOperation.m */ = {isa = PBXFileReference; fileEncoding = 4; lastKnownFileType = sourcecode.c.objc; path = DaiYoutubeParserOperation.m; sourceTree = "<group>"; };
		504FF05F22562A4600E6DD1D /* MoveFilesViewController.swift */ = {isa = PBXFileReference; lastKnownFileType = sourcecode.swift; path = MoveFilesViewController.swift; sourceTree = "<group>"; };
		504FF06122562A6500E6DD1D /* MoveFilesTableViewCell.swift */ = {isa = PBXFileReference; lastKnownFileType = sourcecode.swift; path = MoveFilesTableViewCell.swift; sourceTree = "<group>"; };
		50508401221F2B3D00A1879E /* checkInternet.swift */ = {isa = PBXFileReference; fileEncoding = 4; lastKnownFileType = sourcecode.swift; path = checkInternet.swift; sourceTree = "<group>"; };
		50526AC021FC48AE003D8B13 /* Alamofire.framework */ = {isa = PBXFileReference; explicitFileType = wrapper.framework; path = Alamofire.framework; sourceTree = BUILT_PRODUCTS_DIR; };
		507B61C9223D5961009D6731 /* PhotoLibrary.framework */ = {isa = PBXFileReference; lastKnownFileType = wrapper.framework; path = PhotoLibrary.framework; sourceTree = "<group>"; };
		507B61CB223D5BA3009D6731 /* PhotoLibrary.framework */ = {isa = PBXFileReference; lastKnownFileType = wrapper.framework; name = PhotoLibrary.framework; path = "../../../Documents/iOS-Runtime-Headers-master/PrivateFrameworks/PhotoLibrary.framework"; sourceTree = "<group>"; };
		508659D722187A7000E5A2A1 /* FRPreferences.framework */ = {isa = PBXFileReference; explicitFileType = wrapper.framework; path = FRPreferences.framework; sourceTree = BUILT_PRODUCTS_DIR; };
		508659D92218828400E5A2A1 /* SUBLicenseViewController.framework */ = {isa = PBXFileReference; explicitFileType = wrapper.framework; path = SUBLicenseViewController.framework; sourceTree = BUILT_PRODUCTS_DIR; };
		508659DB221882C900E5A2A1 /* Licenses.plist */ = {isa = PBXFileReference; lastKnownFileType = text.plist.xml; path = Licenses.plist; sourceTree = "<group>"; };
		508A5752221C688000F87F6F /* SDAVAssetExportSession.h */ = {isa = PBXFileReference; lastKnownFileType = sourcecode.c.h; path = SDAVAssetExportSession.h; sourceTree = "<group>"; };
		508A5753221C68A400F87F6F /* SDAVAssetExportSession.m */ = {isa = PBXFileReference; lastKnownFileType = sourcecode.c.objc; path = SDAVAssetExportSession.m; sourceTree = "<group>"; };
		508A7545221C7C0F00F87F6F /* BHAlertView.swift */ = {isa = PBXFileReference; fileEncoding = 4; lastKnownFileType = sourcecode.swift; path = BHAlertView.swift; sourceTree = "<group>"; };
		508A762C221DBC5500F87F6F /* UIButton+BHExtension.swift */ = {isa = PBXFileReference; fileEncoding = 4; lastKnownFileType = sourcecode.swift; path = "UIButton+BHExtension.swift"; sourceTree = "<group>"; };
		508A762D221DBC5500F87F6F /* UIImageView+BHExtension.swift */ = {isa = PBXFileReference; fileEncoding = 4; lastKnownFileType = sourcecode.swift; path = "UIImageView+BHExtension.swift"; sourceTree = "<group>"; };
		508A762E221DBC5500F87F6F /* UIView+BHExtension.swift */ = {isa = PBXFileReference; fileEncoding = 4; lastKnownFileType = sourcecode.swift; path = "UIView+BHExtension.swift"; sourceTree = "<group>"; };
		508A7636221DFE7300F87F6F /* FirebaseCore.framework */ = {isa = PBXFileReference; explicitFileType = wrapper.framework; path = FirebaseCore.framework; sourceTree = BUILT_PRODUCTS_DIR; };
		508A7638221DFE7300F87F6F /* GoogleUtilities.framework */ = {isa = PBXFileReference; explicitFileType = wrapper.framework; path = GoogleUtilities.framework; sourceTree = BUILT_PRODUCTS_DIR; };
		508A763A221DFE7300F87F6F /* nanopb.framework */ = {isa = PBXFileReference; explicitFileType = wrapper.framework; path = nanopb.framework; sourceTree = BUILT_PRODUCTS_DIR; };
		508D21902209F6E5001643E6 /* DocumentsTableViewCell.swift */ = {isa = PBXFileReference; lastKnownFileType = sourcecode.swift; path = DocumentsTableViewCell.swift; sourceTree = "<group>"; };
		508D21942209F753001643E6 /* DocumentsViewController.swift */ = {isa = PBXFileReference; lastKnownFileType = sourcecode.swift; path = DocumentsViewController.swift; sourceTree = "<group>"; };
		509E6B6022201EF600910337 /* GoogleService-Info.plist */ = {isa = PBXFileReference; fileEncoding = 4; lastKnownFileType = text.plist.xml; path = "GoogleService-Info.plist"; sourceTree = "<group>"; };
		50DF2748225D123600A9AC73 /* UIKit.framework */ = {isa = PBXFileReference; lastKnownFileType = wrapper.framework; name = UIKit.framework; path = System/Library/Frameworks/UIKit.framework; sourceTree = SDKROOT; };
		50DF274A225D140700A9AC73 /* BHUtilities.h */ = {isa = PBXFileReference; fileEncoding = 4; lastKnownFileType = sourcecode.c.h; path = BHUtilities.h; sourceTree = "<group>"; };
		50DF274B225D140700A9AC73 /* BHUtilities.m */ = {isa = PBXFileReference; fileEncoding = 4; lastKnownFileType = sourcecode.c.objc; path = BHUtilities.m; sourceTree = "<group>"; };
		5F95203C28D879333223B2F4 /* Pods-YTDownloader.debug.xcconfig */ = {isa = PBXFileReference; includeInIndex = 1; lastKnownFileType = text.xcconfig; name = "Pods-YTDownloader.debug.xcconfig"; path = "Pods/Target Support Files/Pods-YTDownloader/Pods-YTDownloader.debug.xcconfig"; sourceTree = "<group>"; };
		A07AC201673523504AFF1323 /* Pods-YTDownloader.release.xcconfig */ = {isa = PBXFileReference; includeInIndex = 1; lastKnownFileType = text.xcconfig; name = "Pods-YTDownloader.release.xcconfig"; path = "Pods/Target Support Files/Pods-YTDownloader/Pods-YTDownloader.release.xcconfig"; sourceTree = "<group>"; };
		A7F44D2B06EB972B5D631C8E /* Pods-GetProject.debug.xcconfig */ = {isa = PBXFileReference; includeInIndex = 1; lastKnownFileType = text.xcconfig; name = "Pods-GetProject.debug.xcconfig"; path = "Pods/Target Support Files/Pods-GetProject/Pods-GetProject.debug.xcconfig"; sourceTree = "<group>"; };
		E9A670C6B315E9CEF052E644 /* Pods_YTDownloader.framework */ = {isa = PBXFileReference; explicitFileType = wrapper.framework; includeInIndex = 0; path = Pods_YTDownloader.framework; sourceTree = BUILT_PRODUCTS_DIR; };
/* End PBXFileReference section */

/* Begin PBXFrameworksBuildPhase section */
		5045A03621F331C8009234E9 /* Frameworks */ = {
			isa = PBXFrameworksBuildPhase;
			buildActionMask = 2147483647;
			files = (
				50040717224655EE00061D13 /* KRActivityIndicatorView.framework in Frameworks */,
				50040719224655EE00061D13 /* KRProgressHUD.framework in Frameworks */,
				508A7637221DFE7300F87F6F /* FirebaseCore.framework in Frameworks */,
				508A7639221DFE7300F87F6F /* GoogleUtilities.framework in Frameworks */,
				508A763B221DFE7300F87F6F /* nanopb.framework in Frameworks */,
				508659DA2218828400E5A2A1 /* SUBLicenseViewController.framework in Frameworks */,
				508659D822187A7000E5A2A1 /* FRPreferences.framework in Frameworks */,
				50250CB62201F117004D8939 /* FCFileManager.framework in Frameworks */,
				50526AC121FC48AE003D8B13 /* Alamofire.framework in Frameworks */,
				011530B7548D130A550452F1 /* Pods_YTDownloader.framework in Frameworks */,
			);
			runOnlyForDeploymentPostprocessing = 0;
		};
/* End PBXFrameworksBuildPhase section */

/* Begin PBXGroup section */
		4673CB7CF4EC5D43E68B8FAD /* Frameworks */ = {
			isa = PBXGroup;
			children = (
				50DF2748225D123600A9AC73 /* UIKit.framework */,
				50040716224655EE00061D13 /* KRActivityIndicatorView.framework */,
				50040718224655EE00061D13 /* KRProgressHUD.framework */,
				507B61C9223D5961009D6731 /* PhotoLibrary.framework */,
				507B61CB223D5BA3009D6731 /* PhotoLibrary.framework */,
				508A7636221DFE7300F87F6F /* FirebaseCore.framework */,
				508A7638221DFE7300F87F6F /* GoogleUtilities.framework */,
				508A763A221DFE7300F87F6F /* nanopb.framework */,
				508659D92218828400E5A2A1 /* SUBLicenseViewController.framework */,
				508659D722187A7000E5A2A1 /* FRPreferences.framework */,
				50250CB52201F117004D8939 /* FCFileManager.framework */,
				50526AC021FC48AE003D8B13 /* Alamofire.framework */,
				E9A670C6B315E9CEF052E644 /* Pods_YTDownloader.framework */,
			);
			name = Frameworks;
			sourceTree = "<group>";
		};
		5045A03021F331C8009234E9 = {
			isa = PBXGroup;
			children = (
				5045A03B21F331C8009234E9 /* YTDownloader */,
				5045A03A21F331C8009234E9 /* Products */,
				5DEBFFD97984C4A63814C30F /* Pods */,
				4673CB7CF4EC5D43E68B8FAD /* Frameworks */,
			);
			sourceTree = "<group>";
		};
		5045A03A21F331C8009234E9 /* Products */ = {
			isa = PBXGroup;
			children = (
				5045A03921F331C8009234E9 /* YTDownloader.app */,
			);
			name = Products;
			sourceTree = "<group>";
		};
		5045A03B21F331C8009234E9 /* YTDownloader */ = {
			isa = PBXGroup;
			children = (
				509095E2220E280B00660503 /* Helpers */,
				509095E1220E27C200660503 /* ViewControllers */,
				5045A03C21F331C8009234E9 /* AppDelegate.swift */,
				5045A04021F331C8009234E9 /* Main.storyboard */,
				5045A04321F331CB009234E9 /* Assets.xcassets */,
				5045A04521F331CB009234E9 /* LaunchScreen.storyboard */,
				5028E951221703E00041FA2B /* YTDownloader-Bridging-Header.h */,
				5045A04821F331CB009234E9 /* Info.plist */,
				508659DB221882C900E5A2A1 /* Licenses.plist */,
				509E6B6022201EF600910337 /* GoogleService-Info.plist */,
			);
			path = YTDownloader;
			sourceTree = "<group>";
		};
		5045A09321F34BDC009234E9 /* Source */ = {
			isa = PBXGroup;
			children = (
				5045A09421F34BDC009234E9 /* Core */,
				5045A0A221F34BDC009234E9 /* Extensions */,
			);
			path = Source;
			sourceTree = "<group>";
		};
		5045A09421F34BDC009234E9 /* Core */ = {
			isa = PBXGroup;
			children = (
				5045A09521F34BDC009234E9 /* Transport */,
				5045A09821F34BDC009234E9 /* Result.swift */,
				5045A09921F34BDC009234E9 /* Models */,
				5045A09B21F34BDC009234E9 /* Parser */,
				5045A09E21F34BDC009234E9 /* YTB.swift */,
				5045A09F21F34BDC009234E9 /* RequestBuilder */,
			);
			path = Core;
			sourceTree = "<group>";
		};
		5045A09521F34BDC009234E9 /* Transport */ = {
			isa = PBXGroup;
			children = (
				5045A09621F34BDC009234E9 /* HTTPTransport.swift */,
				5045A09721F34BDC009234E9 /* IHTTPTransport.swift */,
			);
			path = Transport;
			sourceTree = "<group>";
		};
		5045A09921F34BDC009234E9 /* Models */ = {
			isa = PBXGroup;
			children = (
				5045A09A21F34BDC009234E9 /* Video.swift */,
			);
			path = Models;
			sourceTree = "<group>";
		};
		5045A09B21F34BDC009234E9 /* Parser */ = {
			isa = PBXGroup;
			children = (
				5045A09C21F34BDC009234E9 /* IResponseParser.swift */,
				5045A09D21F34BDC009234E9 /* ResponseParser.swift */,
			);
			path = Parser;
			sourceTree = "<group>";
		};
		5045A09F21F34BDC009234E9 /* RequestBuilder */ = {
			isa = PBXGroup;
			children = (
				5045A0A021F34BDC009234E9 /* RequestBuilder.swift */,
				5045A0A121F34BDC009234E9 /* IRequestBuilder.swift */,
			);
			path = RequestBuilder;
			sourceTree = "<group>";
		};
		5045A0A221F34BDC009234E9 /* Extensions */ = {
			isa = PBXGroup;
			children = (
				5045A0A321F34BDC009234E9 /* String+YouTube.swift */,
				5045A0A421F34BDC009234E9 /* URL+YouTube.swift */,
				5045A0A521F34BDC009234E9 /* YTBExtension.swift */,
			);
			path = Extensions;
			sourceTree = "<group>";
		};
		504A797E223188A200D6361B /* DaiYoutubeParser */ = {
			isa = PBXGroup;
			children = (
				504A797F223188A200D6361B /* DaiYoutubeParser.h */,
				504A7980223188A200D6361B /* DaiYoutubeParserWebView.m */,
				504A7981223188A200D6361B /* DaiYoutubeParserOperation.h */,
				504A7982223188A200D6361B /* DaiYoutubeParserDefine.h */,
				504A7983223188A200D6361B /* DaiYoutubeParser.m */,
				504A7984223188A200D6361B /* YoutubeParserBridge.html */,
				504A7985223188A200D6361B /* DaiYoutubeParserWebView.h */,
				504A7986223188A200D6361B /* DaiYoutubeParserOperation.m */,
			);
			path = DaiYoutubeParser;
			sourceTree = "<group>";
		};
		509095E1220E27C200660503 /* ViewControllers */ = {
			isa = PBXGroup;
			children = (
				5045A03E21F331C8009234E9 /* ViewController.swift */,
				508D21902209F6E5001643E6 /* DocumentsTableViewCell.swift */,
				508D21942209F753001643E6 /* DocumentsViewController.swift */,
				5007FBF02253CF59003C5DCF /* FolderViewController.swift */,
				5007FBF22253CF77003C5DCF /* FolderTableViewCell.swift */,
				504FF05F22562A4600E6DD1D /* MoveFilesViewController.swift */,
				504FF06122562A6500E6DD1D /* MoveFilesTableViewCell.swift */,
			);
			path = ViewControllers;
			sourceTree = "<group>";
		};
		509095E2220E280B00660503 /* Helpers */ = {
			isa = PBXGroup;
			children = (
				504A797E223188A200D6361B /* DaiYoutubeParser */,
				5045A09321F34BDC009234E9 /* Source */,
				5028E95522170E150041FA2B /* BHConverting.swift */,
				50DF274A225D140700A9AC73 /* BHUtilities.h */,
				50DF274B225D140700A9AC73 /* BHUtilities.m */,
				508A5752221C688000F87F6F /* SDAVAssetExportSession.h */,
				508A5753221C68A400F87F6F /* SDAVAssetExportSession.m */,
				508A7545221C7C0F00F87F6F /* BHAlertView.swift */,
				508A762C221DBC5500F87F6F /* UIButton+BHExtension.swift */,
				508A762D221DBC5500F87F6F /* UIImageView+BHExtension.swift */,
				508A762E221DBC5500F87F6F /* UIView+BHExtension.swift */,
				50508401221F2B3D00A1879E /* checkInternet.swift */,
			);
			path = Helpers;
			sourceTree = "<group>";
		};
		5DEBFFD97984C4A63814C30F /* Pods */ = {
			isa = PBXGroup;
			children = (
				A7F44D2B06EB972B5D631C8E /* Pods-GetProject.debug.xcconfig */,
				298771C76EB6F37A37EB79B8 /* Pods-GetProject.release.xcconfig */,
				5F95203C28D879333223B2F4 /* Pods-YTDownloader.debug.xcconfig */,
				A07AC201673523504AFF1323 /* Pods-YTDownloader.release.xcconfig */,
			);
			name = Pods;
			sourceTree = "<group>";
		};
/* End PBXGroup section */

/* Begin PBXNativeTarget section */
		5045A03821F331C8009234E9 /* YTDownloader */ = {
			isa = PBXNativeTarget;
			buildConfigurationList = 5045A04B21F331CB009234E9 /* Build configuration list for PBXNativeTarget "YTDownloader" */;
			buildPhases = (
				93F2E39A94F41898B79C52BD /* [CP] Check Pods Manifest.lock */,
				5045A03521F331C8009234E9 /* Sources */,
				5045A03621F331C8009234E9 /* Frameworks */,
				5045A03721F331C8009234E9 /* Resources */,
				7FB4406478D1B4BFB8A034CA /* [CP] Embed Pods Frameworks */,
			);
			buildRules = (
			);
			dependencies = (
			);
			name = YTDownloader;
			productName = GetProject;
			productReference = 5045A03921F331C8009234E9 /* YTDownloader.app */;
			productType = "com.apple.product-type.application";
		};
/* End PBXNativeTarget section */

/* Begin PBXProject section */
		5045A03121F331C8009234E9 /* Project object */ = {
			isa = PBXProject;
			attributes = {
				LastSwiftUpdateCheck = 1010;
				LastUpgradeCheck = 1020;
				ORGANIZATIONNAME = BandarHelal;
				TargetAttributes = {
					5045A03821F331C8009234E9 = {
						CreatedOnToolsVersion = 10.1;
						LastSwiftMigration = 1020;
						SystemCapabilities = {
							com.apple.BackgroundModes = {
								enabled = 1;
							};
						};
					};
				};
			};
			buildConfigurationList = 5045A03421F331C8009234E9 /* Build configuration list for PBXProject "YTDownloader" */;
			compatibilityVersion = "Xcode 9.3";
			developmentRegion = en;
			hasScannedForEncodings = 0;
			knownRegions = (
				en,
				Base,
				de,
				he,
				ar,
				el,
				"zh-Hans",
				ja,
				fa,
				mr,
				uk,
				kab,
				nb,
				"en-GB",
				es,
				sl,
				da,
				gl,
				it,
				sk,
				"sr-Latn",
				ms,
				si,
				be,
				ta,
				sv,
				cs,
				km,
				ko,
				"zh-Hant",
				hu,
				tr,
				pl,
				"pt-BR",
				lv,
				lo,
				"es-MX",
				ru,
				af,
				fr,
				fi,
				id,
				nl,
				th,
				nn,
				"pt-PT",
				ro,
				fo,
				bs,
				ca,
				pt,
			);
			mainGroup = 5045A03021F331C8009234E9;
			productRefGroup = 5045A03A21F331C8009234E9 /* Products */;
			projectDirPath = "";
			projectRoot = "";
			targets = (
				5045A03821F331C8009234E9 /* YTDownloader */,
			);
		};
/* End PBXProject section */

/* Begin PBXResourcesBuildPhase section */
		5045A03721F331C8009234E9 /* Resources */ = {
			isa = PBXResourcesBuildPhase;
			buildActionMask = 2147483647;
			files = (
				5045A04721F331CB009234E9 /* LaunchScreen.storyboard in Resources */,
				5045A04421F331CB009234E9 /* Assets.xcassets in Resources */,
				504A7989223188A200D6361B /* YoutubeParserBridge.html in Resources */,
				509E6B6122201EF600910337 /* GoogleService-Info.plist in Resources */,
				508659DC221882C900E5A2A1 /* Licenses.plist in Resources */,
				5045A04221F331C8009234E9 /* Main.storyboard in Resources */,
			);
			runOnlyForDeploymentPostprocessing = 0;
		};
/* End PBXResourcesBuildPhase section */

/* Begin PBXShellScriptBuildPhase section */
		7FB4406478D1B4BFB8A034CA /* [CP] Embed Pods Frameworks */ = {
			isa = PBXShellScriptBuildPhase;
			buildActionMask = 2147483647;
			files = (
			);
			inputPaths = (
				"${PODS_ROOT}/Target Support Files/Pods-YTDownloader/Pods-YTDownloader-frameworks.sh",
				"${BUILT_PRODUCTS_DIR}/Alamofire/Alamofire.framework",
				"${BUILT_PRODUCTS_DIR}/FCFileManager/FCFileManager.framework",
				"${BUILT_PRODUCTS_DIR}/FRPreferences/FRPreferences.framework",
				"${BUILT_PRODUCTS_DIR}/GoogleUtilities/GoogleUtilities.framework",
				"${BUILT_PRODUCTS_DIR}/KRActivityIndicatorView/KRActivityIndicatorView.framework",
				"${BUILT_PRODUCTS_DIR}/KRProgressHUD/KRProgressHUD.framework",
				"${BUILT_PRODUCTS_DIR}/SUBLicenseViewController/SUBLicenseViewController.framework",
				"${BUILT_PRODUCTS_DIR}/nanopb/nanopb.framework",
			);
			name = "[CP] Embed Pods Frameworks";
			outputPaths = (
				"${TARGET_BUILD_DIR}/${FRAMEWORKS_FOLDER_PATH}/Alamofire.framework",
				"${TARGET_BUILD_DIR}/${FRAMEWORKS_FOLDER_PATH}/FCFileManager.framework",
				"${TARGET_BUILD_DIR}/${FRAMEWORKS_FOLDER_PATH}/FRPreferences.framework",
				"${TARGET_BUILD_DIR}/${FRAMEWORKS_FOLDER_PATH}/GoogleUtilities.framework",
				"${TARGET_BUILD_DIR}/${FRAMEWORKS_FOLDER_PATH}/KRActivityIndicatorView.framework",
				"${TARGET_BUILD_DIR}/${FRAMEWORKS_FOLDER_PATH}/KRProgressHUD.framework",
				"${TARGET_BUILD_DIR}/${FRAMEWORKS_FOLDER_PATH}/SUBLicenseViewController.framework",
				"${TARGET_BUILD_DIR}/${FRAMEWORKS_FOLDER_PATH}/nanopb.framework",
			);
			runOnlyForDeploymentPostprocessing = 0;
			shellPath = /bin/sh;
			shellScript = "\"${PODS_ROOT}/Target Support Files/Pods-YTDownloader/Pods-YTDownloader-frameworks.sh\"\n";
			showEnvVarsInLog = 0;
		};
		93F2E39A94F41898B79C52BD /* [CP] Check Pods Manifest.lock */ = {
			isa = PBXShellScriptBuildPhase;
			buildActionMask = 2147483647;
			files = (
			);
			inputPaths = (
				"${PODS_PODFILE_DIR_PATH}/Podfile.lock",
				"${PODS_ROOT}/Manifest.lock",
			);
			name = "[CP] Check Pods Manifest.lock";
			outputPaths = (
				"$(DERIVED_FILE_DIR)/Pods-YTDownloader-checkManifestLockResult.txt",
			);
			runOnlyForDeploymentPostprocessing = 0;
			shellPath = /bin/sh;
			shellScript = "diff \"${PODS_PODFILE_DIR_PATH}/Podfile.lock\" \"${PODS_ROOT}/Manifest.lock\" > /dev/null\nif [ $? != 0 ] ; then\n    # print error to STDERR\n    echo \"error: The sandbox is not in sync with the Podfile.lock. Run 'pod install' or update your CocoaPods installation.\" >&2\n    exit 1\nfi\n# This output is used by Xcode 'outputs' to avoid re-running this script phase.\necho \"SUCCESS\" > \"${SCRIPT_OUTPUT_FILE_0}\"\n";
			showEnvVarsInLog = 0;
		};
/* End PBXShellScriptBuildPhase section */

/* Begin PBXSourcesBuildPhase section */
		5045A03521F331C8009234E9 /* Sources */ = {
			isa = PBXSourcesBuildPhase;
			buildActionMask = 2147483647;
			files = (
				5045A0B121F34BDC009234E9 /* YTBExtension.swift in Sources */,
				5045A0B021F34BDC009234E9 /* URL+YouTube.swift in Sources */,
				508D21912209F6E5001643E6 /* DocumentsTableViewCell.swift in Sources */,
				5045A0AF21F34BDC009234E9 /* String+YouTube.swift in Sources */,
				508A762F221DBC5500F87F6F /* UIButton+BHExtension.swift in Sources */,
				5045A0AD21F34BDC009234E9 /* RequestBuilder.swift in Sources */,
				5007FBF32253CF77003C5DCF /* FolderTableViewCell.swift in Sources */,
				5045A03F21F331C8009234E9 /* ViewController.swift in Sources */,
				5045A0A721F34BDC009234E9 /* IHTTPTransport.swift in Sources */,
				504FF06222562A6500E6DD1D /* MoveFilesTableViewCell.swift in Sources */,
				5045A0AB21F34BDC009234E9 /* ResponseParser.swift in Sources */,
				5028E95622170E150041FA2B /* BHConverting.swift in Sources */,
				5045A0A821F34BDC009234E9 /* Result.swift in Sources */,
				5045A0AE21F34BDC009234E9 /* IRequestBuilder.swift in Sources */,
				5045A0A921F34BDC009234E9 /* Video.swift in Sources */,
				5045A0AA21F34BDC009234E9 /* IResponseParser.swift in Sources */,
				508A5754221C68A400F87F6F /* SDAVAssetExportSession.m in Sources */,
				504A7987223188A200D6361B /* DaiYoutubeParserWebView.m in Sources */,
				50DF274C225D140700A9AC73 /* BHUtilities.m in Sources */,
				5045A0AC21F34BDC009234E9 /* YTB.swift in Sources */,
				508A7630221DBC5500F87F6F /* UIImageView+BHExtension.swift in Sources */,
				5045A0A621F34BDC009234E9 /* HTTPTransport.swift in Sources */,
				504A7988223188A200D6361B /* DaiYoutubeParser.m in Sources */,
				504FF06022562A4600E6DD1D /* MoveFilesViewController.swift in Sources */,
				508D21952209F753001643E6 /* DocumentsViewController.swift in Sources */,
				504A798A223188A200D6361B /* DaiYoutubeParserOperation.m in Sources */,
				508A7546221C7C0F00F87F6F /* BHAlertView.swift in Sources */,
				5045A03D21F331C8009234E9 /* AppDelegate.swift in Sources */,
				5007FBF12253CF5A003C5DCF /* FolderViewController.swift in Sources */,
				50508402221F2B3D00A1879E /* checkInternet.swift in Sources */,
				508A7631221DBC5500F87F6F /* UIView+BHExtension.swift in Sources */,
			);
			runOnlyForDeploymentPostprocessing = 0;
		};
/* End PBXSourcesBuildPhase section */

/* Begin PBXVariantGroup section */
		5045A04021F331C8009234E9 /* Main.storyboard */ = {
			isa = PBXVariantGroup;
			children = (
				5045A04121F331C8009234E9 /* Base */,
			);
			name = Main.storyboard;
			sourceTree = "<group>";
		};
		5045A04521F331CB009234E9 /* LaunchScreen.storyboard */ = {
			isa = PBXVariantGroup;
			children = (
				5045A04621F331CB009234E9 /* Base */,
			);
			name = LaunchScreen.storyboard;
			sourceTree = "<group>";
		};
/* End PBXVariantGroup section */

/* Begin XCBuildConfiguration section */
		5045A04921F331CB009234E9 /* Debug */ = {
			isa = XCBuildConfiguration;
			buildSettings = {
				ALWAYS_SEARCH_USER_PATHS = NO;
				CLANG_ANALYZER_LOCALIZABILITY_NONLOCALIZED = YES;
				CLANG_ANALYZER_NONNULL = YES;
				CLANG_ANALYZER_NUMBER_OBJECT_CONVERSION = YES_AGGRESSIVE;
				CLANG_CXX_LANGUAGE_STANDARD = "gnu++14";
				CLANG_CXX_LIBRARY = "libc++";
				CLANG_ENABLE_MODULES = YES;
				CLANG_ENABLE_OBJC_ARC = YES;
				CLANG_ENABLE_OBJC_WEAK = YES;
				CLANG_WARN_BLOCK_CAPTURE_AUTORELEASING = YES;
				CLANG_WARN_BOOL_CONVERSION = YES;
				CLANG_WARN_COMMA = YES;
				CLANG_WARN_CONSTANT_CONVERSION = YES;
				CLANG_WARN_DEPRECATED_OBJC_IMPLEMENTATIONS = YES;
				CLANG_WARN_DIRECT_OBJC_ISA_USAGE = YES_ERROR;
				CLANG_WARN_DOCUMENTATION_COMMENTS = YES;
				CLANG_WARN_EMPTY_BODY = YES;
				CLANG_WARN_ENUM_CONVERSION = YES;
				CLANG_WARN_INFINITE_RECURSION = YES;
				CLANG_WARN_INT_CONVERSION = YES;
				CLANG_WARN_NON_LITERAL_NULL_CONVERSION = YES;
				CLANG_WARN_OBJC_IMPLICIT_RETAIN_SELF = YES;
				CLANG_WARN_OBJC_LITERAL_CONVERSION = YES;
				CLANG_WARN_OBJC_ROOT_CLASS = YES_ERROR;
				CLANG_WARN_RANGE_LOOP_ANALYSIS = YES;
				CLANG_WARN_STRICT_PROTOTYPES = YES;
				CLANG_WARN_SUSPICIOUS_MOVE = YES;
				CLANG_WARN_UNGUARDED_AVAILABILITY = YES_AGGRESSIVE;
				CLANG_WARN_UNREACHABLE_CODE = YES;
				CLANG_WARN__DUPLICATE_METHOD_MATCH = YES;
				CODE_SIGN_IDENTITY = "iPhone Developer";
				COPY_PHASE_STRIP = NO;
				DEBUG_INFORMATION_FORMAT = dwarf;
				ENABLE_STRICT_OBJC_MSGSEND = YES;
				ENABLE_TESTABILITY = YES;
				GCC_C_LANGUAGE_STANDARD = gnu11;
				GCC_DYNAMIC_NO_PIC = NO;
				GCC_NO_COMMON_BLOCKS = YES;
				GCC_OPTIMIZATION_LEVEL = 0;
				GCC_PREPROCESSOR_DEFINITIONS = (
					"DEBUG=1",
					"$(inherited)",
				);
				GCC_WARN_64_TO_32_BIT_CONVERSION = YES;
				GCC_WARN_ABOUT_RETURN_TYPE = YES_ERROR;
				GCC_WARN_UNDECLARED_SELECTOR = YES;
				GCC_WARN_UNINITIALIZED_AUTOS = YES_AGGRESSIVE;
				GCC_WARN_UNUSED_FUNCTION = YES;
				GCC_WARN_UNUSED_VARIABLE = YES;
				IPHONEOS_DEPLOYMENT_TARGET = 12.1;
				MTL_ENABLE_DEBUG_INFO = INCLUDE_SOURCE;
				MTL_FAST_MATH = YES;
				ONLY_ACTIVE_ARCH = YES;
				SDKROOT = iphoneos;
				SWIFT_ACTIVE_COMPILATION_CONDITIONS = DEBUG;
				SWIFT_OPTIMIZATION_LEVEL = "-Onone";
			};
			name = Debug;
		};
		5045A04A21F331CB009234E9 /* Release */ = {
			isa = XCBuildConfiguration;
			buildSettings = {
				ALWAYS_SEARCH_USER_PATHS = NO;
				CLANG_ANALYZER_LOCALIZABILITY_NONLOCALIZED = YES;
				CLANG_ANALYZER_NONNULL = YES;
				CLANG_ANALYZER_NUMBER_OBJECT_CONVERSION = YES_AGGRESSIVE;
				CLANG_CXX_LANGUAGE_STANDARD = "gnu++14";
				CLANG_CXX_LIBRARY = "libc++";
				CLANG_ENABLE_MODULES = YES;
				CLANG_ENABLE_OBJC_ARC = YES;
				CLANG_ENABLE_OBJC_WEAK = YES;
				CLANG_WARN_BLOCK_CAPTURE_AUTORELEASING = YES;
				CLANG_WARN_BOOL_CONVERSION = YES;
				CLANG_WARN_COMMA = YES;
				CLANG_WARN_CONSTANT_CONVERSION = YES;
				CLANG_WARN_DEPRECATED_OBJC_IMPLEMENTATIONS = YES;
				CLANG_WARN_DIRECT_OBJC_ISA_USAGE = YES_ERROR;
				CLANG_WARN_DOCUMENTATION_COMMENTS = YES;
				CLANG_WARN_EMPTY_BODY = YES;
				CLANG_WARN_ENUM_CONVERSION = YES;
				CLANG_WARN_INFINITE_RECURSION = YES;
				CLANG_WARN_INT_CONVERSION = YES;
				CLANG_WARN_NON_LITERAL_NULL_CONVERSION = YES;
				CLANG_WARN_OBJC_IMPLICIT_RETAIN_SELF = YES;
				CLANG_WARN_OBJC_LITERAL_CONVERSION = YES;
				CLANG_WARN_OBJC_ROOT_CLASS = YES_ERROR;
				CLANG_WARN_RANGE_LOOP_ANALYSIS = YES;
				CLANG_WARN_STRICT_PROTOTYPES = YES;
				CLANG_WARN_SUSPICIOUS_MOVE = YES;
				CLANG_WARN_UNGUARDED_AVAILABILITY = YES_AGGRESSIVE;
				CLANG_WARN_UNREACHABLE_CODE = YES;
				CLANG_WARN__DUPLICATE_METHOD_MATCH = YES;
				CODE_SIGN_IDENTITY = "iPhone Developer";
				COPY_PHASE_STRIP = NO;
				DEBUG_INFORMATION_FORMAT = "dwarf-with-dsym";
				ENABLE_NS_ASSERTIONS = NO;
				ENABLE_STRICT_OBJC_MSGSEND = YES;
				GCC_C_LANGUAGE_STANDARD = gnu11;
				GCC_NO_COMMON_BLOCKS = YES;
				GCC_WARN_64_TO_32_BIT_CONVERSION = YES;
				GCC_WARN_ABOUT_RETURN_TYPE = YES_ERROR;
				GCC_WARN_UNDECLARED_SELECTOR = YES;
				GCC_WARN_UNINITIALIZED_AUTOS = YES_AGGRESSIVE;
				GCC_WARN_UNUSED_FUNCTION = YES;
				GCC_WARN_UNUSED_VARIABLE = YES;
				IPHONEOS_DEPLOYMENT_TARGET = 12.1;
				MTL_ENABLE_DEBUG_INFO = NO;
				MTL_FAST_MATH = YES;
				SDKROOT = iphoneos;
				SWIFT_COMPILATION_MODE = wholemodule;
				SWIFT_OPTIMIZATION_LEVEL = "-O";
				VALIDATE_PRODUCT = YES;
			};
			name = Release;
		};
		5045A04C21F331CB009234E9 /* Debug */ = {
			isa = XCBuildConfiguration;
			baseConfigurationReference = 5F95203C28D879333223B2F4 /* Pods-YTDownloader.debug.xcconfig */;
			buildSettings = {
				ASSETCATALOG_COMPILER_APPICON_NAME = AppIcon;
				CLANG_ALLOW_NON_MODULAR_INCLUDES_IN_FRAMEWORK_MODULES = NO;
				CLANG_ENABLE_MODULES = YES;
				CODE_SIGN_STYLE = Automatic;
				DEVELOPMENT_TEAM = 8JMV3RHX32;
				FRAMEWORK_SEARCH_PATHS = (
					"$(inherited)",
					"$(PROJECT_DIR)/YTDownloader/Helpers/vlc-ios-master/Pods/MobileVLCKit",
					"$(PROJECT_DIR)/YTDownloader/Helpers/vlc-ios-master/Pods/HockeySDK/HockeySDK-iOS/HockeySDKCrashOnly",
					"$(PROJECT_DIR)/YTDownloader/Helpers/vlc-ios-master/Pods/HockeySDK-tvOS/HockeySDK-tvOS/HockeySDK.embeddedframework",
					"$(PROJECT_DIR)/YTDownloader/Helpers/vlc-ios-master/Pods/VLCMediaLibraryKit",
					"$(PROJECT_DIR)/YTDownloader/Helpers/vlc-ios-master/Pods/TVVLCKit",
					"$(PROJECT_DIR)",
				);
				INFOPLIST_FILE = "$(SRCROOT)/YTDownloader/Info.plist";
				IPHONEOS_DEPLOYMENT_TARGET = 11.0;
				LD_RUNPATH_SEARCH_PATHS = (
					"$(inherited)",
					"@executable_path/Frameworks",
				);
				PRODUCT_BUNDLE_IDENTIFIER = com.BandarHL.YTDownloader;
				PRODUCT_NAME = "$(TARGET_NAME)";
				SWIFT_OBJC_BRIDGING_HEADER = "YTDownloader/YTDownloader-Bridging-Header.h";
				SWIFT_OPTIMIZATION_LEVEL = "-Onone";
				SWIFT_VERSION = 5.0;
				TARGETED_DEVICE_FAMILY = "1,2";
			};
			name = Debug;
		};
		5045A04D21F331CB009234E9 /* Release */ = {
			isa = XCBuildConfiguration;
			baseConfigurationReference = A07AC201673523504AFF1323 /* Pods-YTDownloader.release.xcconfig */;
			buildSettings = {
				ASSETCATALOG_COMPILER_APPICON_NAME = AppIcon;
				CLANG_ALLOW_NON_MODULAR_INCLUDES_IN_FRAMEWORK_MODULES = NO;
				CLANG_ENABLE_MODULES = YES;
				CODE_SIGN_STYLE = Automatic;
				DEVELOPMENT_TEAM = 8JMV3RHX32;
				FRAMEWORK_SEARCH_PATHS = (
					"$(inherited)",
					"$(PROJECT_DIR)/YTDownloader/Helpers/vlc-ios-master/Pods/MobileVLCKit",
					"$(PROJECT_DIR)/YTDownloader/Helpers/vlc-ios-master/Pods/HockeySDK/HockeySDK-iOS/HockeySDKCrashOnly",
					"$(PROJECT_DIR)/YTDownloader/Helpers/vlc-ios-master/Pods/HockeySDK-tvOS/HockeySDK-tvOS/HockeySDK.embeddedframework",
					"$(PROJECT_DIR)/YTDownloader/Helpers/vlc-ios-master/Pods/VLCMediaLibraryKit",
					"$(PROJECT_DIR)/YTDownloader/Helpers/vlc-ios-master/Pods/TVVLCKit",
					"$(PROJECT_DIR)",
				);
				INFOPLIST_FILE = "$(SRCROOT)/YTDownloader/Info.plist";
				IPHONEOS_DEPLOYMENT_TARGET = 11.0;
				LD_RUNPATH_SEARCH_PATHS = (
					"$(inherited)",
					"@executable_path/Frameworks",
				);
				PRODUCT_BUNDLE_IDENTIFIER = com.BandarHL.YTDownloader;
				PRODUCT_NAME = "$(TARGET_NAME)";
				SWIFT_OBJC_BRIDGING_HEADER = "YTDownloader/YTDownloader-Bridging-Header.h";
				SWIFT_VERSION = 5.0;
				TARGETED_DEVICE_FAMILY = "1,2";
			};
			name = Release;
		};
/* End XCBuildConfiguration section */

/* Begin XCConfigurationList section */
		5045A03421F331C8009234E9 /* Build configuration list for PBXProject "YTDownloader" */ = {
			isa = XCConfigurationList;
			buildConfigurations = (
				5045A04921F331CB009234E9 /* Debug */,
				5045A04A21F331CB009234E9 /* Release */,
			);
			defaultConfigurationIsVisible = 0;
			defaultConfigurationName = Release;
		};
		5045A04B21F331CB009234E9 /* Build configuration list for PBXNativeTarget "YTDownloader" */ = {
			isa = XCConfigurationList;
			buildConfigurations = (
				5045A04C21F331CB009234E9 /* Debug */,
				5045A04D21F331CB009234E9 /* Release */,
			);
			defaultConfigurationIsVisible = 0;
			defaultConfigurationName = Release;
		};
/* End XCConfigurationList section */
	};
	rootObject = 5045A03121F331C8009234E9 /* Project object */;
}
